// !$*UTF8*$!
{
	archiveVersion = 1;
	classes = {
	};
	objectVersion = 55;
	objects = {

/* Begin PBXBuildFile section */
		A59ACD8028573C4A00391669 /* AppDelegate.swift in Sources */ = {isa = PBXBuildFile; fileRef = A59ACD7F28573C4A00391669 /* AppDelegate.swift */; };
		A59ACD8228573C4A00391669 /* SceneDelegate.swift in Sources */ = {isa = PBXBuildFile; fileRef = A59ACD8128573C4A00391669 /* SceneDelegate.swift */; };
		A59ACD8728573C4A00391669 /* Main.storyboard in Resources */ = {isa = PBXBuildFile; fileRef = A59ACD8528573C4A00391669 /* Main.storyboard */; };
		A59ACD8A28573C4A00391669 /* WeatherApp.xcdatamodeld in Sources */ = {isa = PBXBuildFile; fileRef = A59ACD8828573C4A00391669 /* WeatherApp.xcdatamodeld */; };
		A59ACD8C28573C4C00391669 /* Assets.xcassets in Resources */ = {isa = PBXBuildFile; fileRef = A59ACD8B28573C4C00391669 /* Assets.xcassets */; };
		A59ACD8F28573C4C00391669 /* LaunchScreen.storyboard in Resources */ = {isa = PBXBuildFile; fileRef = A59ACD8D28573C4C00391669 /* LaunchScreen.storyboard */; };
		AF6712362863446000438580 /* WeatherViewController.swift in Sources */ = {isa = PBXBuildFile; fileRef = AF67122F2863446000438580 /* WeatherViewController.swift */; };
		AF6712372863446000438580 /* WeatherViewController.xib in Resources */ = {isa = PBXBuildFile; fileRef = AF6712312863446000438580 /* WeatherViewController.xib */; };
		AF6712382863446000438580 /* WeatherData.swift in Sources */ = {isa = PBXBuildFile; fileRef = AF6712332863446000438580 /* WeatherData.swift */; };
		AF6712392863446000438580 /* WeatherModel.swift in Sources */ = {isa = PBXBuildFile; fileRef = AF6712342863446000438580 /* WeatherModel.swift */; };
		AF67123A2863446000438580 /* WeatherManager.swift in Sources */ = {isa = PBXBuildFile; fileRef = AF6712352863446000438580 /* WeatherManager.swift */; };
/* End PBXBuildFile section */

/* Begin PBXFileReference section */
		A59ACD7C28573C4A00391669 /* WeatherApp.app */ = {isa = PBXFileReference; explicitFileType = wrapper.application; includeInIndex = 0; path = WeatherApp.app; sourceTree = BUILT_PRODUCTS_DIR; };
		A59ACD7F28573C4A00391669 /* AppDelegate.swift */ = {isa = PBXFileReference; lastKnownFileType = sourcecode.swift; path = AppDelegate.swift; sourceTree = "<group>"; };
		A59ACD8128573C4A00391669 /* SceneDelegate.swift */ = {isa = PBXFileReference; lastKnownFileType = sourcecode.swift; path = SceneDelegate.swift; sourceTree = "<group>"; };
		A59ACD8628573C4A00391669 /* Base */ = {isa = PBXFileReference; lastKnownFileType = file.storyboard; name = Base; path = Base.lproj/Main.storyboard; sourceTree = "<group>"; };
		A59ACD8928573C4A00391669 /* WeatherApp.xcdatamodel */ = {isa = PBXFileReference; lastKnownFileType = wrapper.xcdatamodel; path = WeatherApp.xcdatamodel; sourceTree = "<group>"; };
		A59ACD8B28573C4C00391669 /* Assets.xcassets */ = {isa = PBXFileReference; lastKnownFileType = folder.assetcatalog; path = Assets.xcassets; sourceTree = "<group>"; };
		A59ACD8E28573C4C00391669 /* Base */ = {isa = PBXFileReference; lastKnownFileType = file.storyboard; name = Base; path = Base.lproj/LaunchScreen.storyboard; sourceTree = "<group>"; };
		A59ACD9028573C4C00391669 /* Info.plist */ = {isa = PBXFileReference; lastKnownFileType = text.plist.xml; path = Info.plist; sourceTree = "<group>"; };
		AF67122F2863446000438580 /* WeatherViewController.swift */ = {isa = PBXFileReference; fileEncoding = 4; lastKnownFileType = sourcecode.swift; path = WeatherViewController.swift; sourceTree = "<group>"; };
		AF6712312863446000438580 /* WeatherViewController.xib */ = {isa = PBXFileReference; fileEncoding = 4; lastKnownFileType = file.xib; path = WeatherViewController.xib; sourceTree = "<group>"; };
		AF6712332863446000438580 /* WeatherData.swift */ = {isa = PBXFileReference; fileEncoding = 4; lastKnownFileType = sourcecode.swift; path = WeatherData.swift; sourceTree = "<group>"; };
		AF6712342863446000438580 /* WeatherModel.swift */ = {isa = PBXFileReference; fileEncoding = 4; lastKnownFileType = sourcecode.swift; path = WeatherModel.swift; sourceTree = "<group>"; };
		AF6712352863446000438580 /* WeatherManager.swift */ = {isa = PBXFileReference; fileEncoding = 4; lastKnownFileType = sourcecode.swift; path = WeatherManager.swift; sourceTree = "<group>"; };
/* End PBXFileReference section */

/* Begin PBXFrameworksBuildPhase section */
		A59ACD7928573C4A00391669 /* Frameworks */ = {
			isa = PBXFrameworksBuildPhase;
			buildActionMask = 2147483647;
			files = (
			);
			runOnlyForDeploymentPostprocessing = 0;
		};
/* End PBXFrameworksBuildPhase section */

/* Begin PBXGroup section */
		A59ACD7328573C4A00391669 = {
			isa = PBXGroup;
			children = (
				A59ACD7E28573C4A00391669 /* WeatherApp */,
				A59ACD7D28573C4A00391669 /* Products */,
			);
			sourceTree = "<group>";
		};
		A59ACD7D28573C4A00391669 /* Products */ = {
			isa = PBXGroup;
			children = (
				A59ACD7C28573C4A00391669 /* WeatherApp.app */,
			);
			name = Products;
			sourceTree = "<group>";
		};
		A59ACD7E28573C4A00391669 /* WeatherApp */ = {
			isa = PBXGroup;
			children = (
				A59ACD7F28573C4A00391669 /* AppDelegate.swift */,
				A59ACD8128573C4A00391669 /* SceneDelegate.swift */,
				AF6712322863446000438580 /* Model */,
				AF6712302863446000438580 /* View */,
				AF67122E2863446000438580 /* Controller */,
				A59ACD8528573C4A00391669 /* Main.storyboard */,
				A59ACD8B28573C4C00391669 /* Assets.xcassets */,
				A59ACD8D28573C4C00391669 /* LaunchScreen.storyboard */,
				A59ACD9028573C4C00391669 /* Info.plist */,
				A59ACD8828573C4A00391669 /* WeatherApp.xcdatamodeld */,
			);
			path = WeatherApp;
			sourceTree = "<group>";
		};
		AF67122E2863446000438580 /* Controller */ = {
			isa = PBXGroup;
			children = (
				AF67122F2863446000438580 /* WeatherViewController.swift */,
			);
			path = Controller;
			sourceTree = "<group>";
		};
		AF6712302863446000438580 /* View */ = {
			isa = PBXGroup;
			children = (
				AF6712312863446000438580 /* WeatherViewController.xib */,
			);
			path = View;
			sourceTree = "<group>";
		};
		AF6712322863446000438580 /* Model */ = {
			isa = PBXGroup;
			children = (
				AF6712332863446000438580 /* WeatherData.swift */,
				AF6712342863446000438580 /* WeatherModel.swift */,
				AF6712352863446000438580 /* WeatherManager.swift */,
			);
			path = Model;
			sourceTree = "<group>";
		};
/* End PBXGroup section */

/* Begin PBXNativeTarget section */
		A59ACD7B28573C4A00391669 /* WeatherApp */ = {
			isa = PBXNativeTarget;
			buildConfigurationList = A59ACD9328573C4C00391669 /* Build configuration list for PBXNativeTarget "WeatherApp" */;
			buildPhases = (
				A59ACD7828573C4A00391669 /* Sources */,
				A59ACD7928573C4A00391669 /* Frameworks */,
				A59ACD7A28573C4A00391669 /* Resources */,
			);
			buildRules = (
			);
			dependencies = (
			);
			name = WeatherApp;
			productName = WeatherApp;
			productReference = A59ACD7C28573C4A00391669 /* WeatherApp.app */;
			productType = "com.apple.product-type.application";
		};
/* End PBXNativeTarget section */

/* Begin PBXProject section */
		A59ACD7428573C4A00391669 /* Project object */ = {
			isa = PBXProject;
			attributes = {
				BuildIndependentTargetsInParallel = 1;
				LastSwiftUpdateCheck = 1340;
				LastUpgradeCheck = 1340;
				TargetAttributes = {
					A59ACD7B28573C4A00391669 = {
						CreatedOnToolsVersion = 13.4;
					};
				};
			};
			buildConfigurationList = A59ACD7728573C4A00391669 /* Build configuration list for PBXProject "WeatherApp" */;
			compatibilityVersion = "Xcode 13.0";
			developmentRegion = en;
			hasScannedForEncodings = 0;
			knownRegions = (
				en,
				Base,
			);
			mainGroup = A59ACD7328573C4A00391669;
			productRefGroup = A59ACD7D28573C4A00391669 /* Products */;
			projectDirPath = "";
			projectRoot = "";
			targets = (
				A59ACD7B28573C4A00391669 /* WeatherApp */,
			);
		};
/* End PBXProject section */

/* Begin PBXResourcesBuildPhase section */
		A59ACD7A28573C4A00391669 /* Resources */ = {
			isa = PBXResourcesBuildPhase;
			buildActionMask = 2147483647;
			files = (
				A59ACD8F28573C4C00391669 /* LaunchScreen.storyboard in Resources */,
				AF6712372863446000438580 /* WeatherViewController.xib in Resources */,
				A59ACD8C28573C4C00391669 /* Assets.xcassets in Resources */,
				A59ACD8728573C4A00391669 /* Main.storyboard in Resources */,
			);
			runOnlyForDeploymentPostprocessing = 0;
		};
/* End PBXResourcesBuildPhase section */

/* Begin PBXSourcesBuildPhase section */
		A59ACD7828573C4A00391669 /* Sources */ = {
			isa = PBXSourcesBuildPhase;
			buildActionMask = 2147483647;
			files = (
				A59ACD8A28573C4A00391669 /* WeatherApp.xcdatamodeld in Sources */,
				AF6712382863446000438580 /* WeatherData.swift in Sources */,
				AF6712362863446000438580 /* WeatherViewController.swift in Sources */,
				AF67123A2863446000438580 /* WeatherManager.swift in Sources */,
				A59ACD8028573C4A00391669 /* AppDelegate.swift in Sources */,
				AF6712392863446000438580 /* WeatherModel.swift in Sources */,
				A59ACD8228573C4A00391669 /* SceneDelegate.swift in Sources */,
			);
			runOnlyForDeploymentPostprocessing = 0;
		};
/* End PBXSourcesBuildPhase section */

/* Begin PBXVariantGroup section */
		A59ACD8528573C4A00391669 /* Main.storyboard */ = {
			isa = PBXVariantGroup;
			children = (
				A59ACD8628573C4A00391669 /* Base */,
			);
			name = Main.storyboard;
			sourceTree = "<group>";
		};
		A59ACD8D28573C4C00391669 /* LaunchScreen.storyboard */ = {
			isa = PBXVariantGroup;
			children = (
				A59ACD8E28573C4C00391669 /* Base */,
			);
			name = LaunchScreen.storyboard;
			sourceTree = "<group>";
		};
/* End PBXVariantGroup section */

/* Begin XCBuildConfiguration section */
		A59ACD9128573C4C00391669 /* Debug */ = {
			isa = XCBuildConfiguration;
			buildSettings = {
				ALWAYS_SEARCH_USER_PATHS = NO;
				CLANG_ANALYZER_NONNULL = YES;
				CLANG_ANALYZER_NUMBER_OBJECT_CONVERSION = YES_AGGRESSIVE;
				CLANG_CXX_LANGUAGE_STANDARD = "gnu++17";
				CLANG_ENABLE_MODULES = YES;
				CLANG_ENABLE_OBJC_ARC = YES;
				CLANG_ENABLE_OBJC_WEAK = YES;
				CLANG_WARN_BLOCK_CAPTURE_AUTORELEASING = YES;
				CLANG_WARN_BOOL_CONVERSION = YES;
				CLANG_WARN_COMMA = YES;
				CLANG_WARN_CONSTANT_CONVERSION = YES;
				CLANG_WARN_DEPRECATED_OBJC_IMPLEMENTATIONS = YES;
				CLANG_WARN_DIRECT_OBJC_ISA_USAGE = YES_ERROR;
				CLANG_WARN_DOCUMENTATION_COMMENTS = YES;
				CLANG_WARN_EMPTY_BODY = YES;
				CLANG_WARN_ENUM_CONVERSION = YES;
				CLANG_WARN_INFINITE_RECURSION = YES;
				CLANG_WARN_INT_CONVERSION = YES;
				CLANG_WARN_NON_LITERAL_NULL_CONVERSION = YES;
				CLANG_WARN_OBJC_IMPLICIT_RETAIN_SELF = YES;
				CLANG_WARN_OBJC_LITERAL_CONVERSION = YES;
				CLANG_WARN_OBJC_ROOT_CLASS = YES_ERROR;
				CLANG_WARN_QUOTED_INCLUDE_IN_FRAMEWORK_HEADER = YES;
				CLANG_WARN_RANGE_LOOP_ANALYSIS = YES;
				CLANG_WARN_STRICT_PROTOTYPES = YES;
				CLANG_WARN_SUSPICIOUS_MOVE = YES;
				CLANG_WARN_UNGUARDED_AVAILABILITY = YES_AGGRESSIVE;
				CLANG_WARN_UNREACHABLE_CODE = YES;
				CLANG_WARN__DUPLICATE_METHOD_MATCH = YES;
				COPY_PHASE_STRIP = NO;
				DEBUG_INFORMATION_FORMAT = dwarf;
				ENABLE_STRICT_OBJC_MSGSEND = YES;
				ENABLE_TESTABILITY = YES;
				GCC_C_LANGUAGE_STANDARD = gnu11;
				GCC_DYNAMIC_NO_PIC = NO;
				GCC_NO_COMMON_BLOCKS = YES;
				GCC_OPTIMIZATION_LEVEL = 0;
				GCC_PREPROCESSOR_DEFINITIONS = (
					"DEBUG=1",
					"$(inherited)",
				);
				GCC_WARN_64_TO_32_BIT_CONVERSION = YES;
				GCC_WARN_ABOUT_RETURN_TYPE = YES_ERROR;
				GCC_WARN_UNDECLARED_SELECTOR = YES;
				GCC_WARN_UNINITIALIZED_AUTOS = YES_AGGRESSIVE;
				GCC_WARN_UNUSED_FUNCTION = YES;
				GCC_WARN_UNUSED_VARIABLE = YES;
				IPHONEOS_DEPLOYMENT_TARGET = 15.5;
				MTL_ENABLE_DEBUG_INFO = INCLUDE_SOURCE;
				MTL_FAST_MATH = YES;
				ONLY_ACTIVE_ARCH = YES;
				SDKROOT = iphoneos;
				SWIFT_ACTIVE_COMPILATION_CONDITIONS = DEBUG;
				SWIFT_OPTIMIZATION_LEVEL = "-Onone";
			};
			name = Debug;
		};
		A59ACD9228573C4C00391669 /* Release */ = {
			isa = XCBuildConfiguration;
			buildSettings = {
				ALWAYS_SEARCH_USER_PATHS = NO;
				CLANG_ANALYZER_NONNULL = YES;
				CLANG_ANALYZER_NUMBER_OBJECT_CONVERSION = YES_AGGRESSIVE;
				CLANG_CXX_LANGUAGE_STANDARD = "gnu++17";
				CLANG_ENABLE_MODULES = YES;
				CLANG_ENABLE_OBJC_ARC = YES;
				CLANG_ENABLE_OBJC_WEAK = YES;
				CLANG_WARN_BLOCK_CAPTURE_AUTORELEASING = YES;
				CLANG_WARN_BOOL_CONVERSION = YES;
				CLANG_WARN_COMMA = YES;
				CLANG_WARN_CONSTANT_CONVERSION = YES;
				CLANG_WARN_DEPRECATED_OBJC_IMPLEMENTATIONS = YES;
				CLANG_WARN_DIRECT_OBJC_ISA_USAGE = YES_ERROR;
				CLANG_WARN_DOCUMENTATION_COMMENTS = YES;
				CLANG_WARN_EMPTY_BODY = YES;
				CLANG_WARN_ENUM_CONVERSION = YES;
				CLANG_WARN_INFINITE_RECURSION = YES;
				CLANG_WARN_INT_CONVERSION = YES;
				CLANG_WARN_NON_LITERAL_NULL_CONVERSION = YES;
				CLANG_WARN_OBJC_IMPLICIT_RETAIN_SELF = YES;
				CLANG_WARN_OBJC_LITERAL_CONVERSION = YES;
				CLANG_WARN_OBJC_ROOT_CLASS = YES_ERROR;
				CLANG_WARN_QUOTED_INCLUDE_IN_FRAMEWORK_HEADER = YES;
				CLANG_WARN_RANGE_LOOP_ANALYSIS = YES;
				CLANG_WARN_STRICT_PROTOTYPES = YES;
				CLANG_WARN_SUSPICIOUS_MOVE = YES;
				CLANG_WARN_UNGUARDED_AVAILABILITY = YES_AGGRESSIVE;
				CLANG_WARN_UNREACHABLE_CODE = YES;
				CLANG_WARN__DUPLICATE_METHOD_MATCH = YES;
				COPY_PHASE_STRIP = NO;
				DEBUG_INFORMATION_FORMAT = "dwarf-with-dsym";
				ENABLE_NS_ASSERTIONS = NO;
				ENABLE_STRICT_OBJC_MSGSEND = YES;
				GCC_C_LANGUAGE_STANDARD = gnu11;
				GCC_NO_COMMON_BLOCKS = YES;
				GCC_WARN_64_TO_32_BIT_CONVERSION = YES;
				GCC_WARN_ABOUT_RETURN_TYPE = YES_ERROR;
				GCC_WARN_UNDECLARED_SELECTOR = YES;
				GCC_WARN_UNINITIALIZED_AUTOS = YES_AGGRESSIVE;
				GCC_WARN_UNUSED_FUNCTION = YES;
				GCC_WARN_UNUSED_VARIABLE = YES;
				IPHONEOS_DEPLOYMENT_TARGET = 15.5;
				MTL_ENABLE_DEBUG_INFO = NO;
				MTL_FAST_MATH = YES;
				SDKROOT = iphoneos;
				SWIFT_COMPILATION_MODE = wholemodule;
				SWIFT_OPTIMIZATION_LEVEL = "-O";
				VALIDATE_PRODUCT = YES;
			};
			name = Release;
		};
		A59ACD9428573C4C00391669 /* Debug */ = {
			isa = XCBuildConfiguration;
			buildSettings = {
				ASSETCATALOG_COMPILER_APPICON_NAME = AppIcon;
				ASSETCATALOG_COMPILER_GLOBAL_ACCENT_COLOR_NAME = AccentColor;
				CODE_SIGN_STYLE = Automatic;
				CURRENT_PROJECT_VERSION = 1;
				DEVELOPMENT_TEAM = V36979MSZD;
				GENERATE_INFOPLIST_FILE = YES;
				INFOPLIST_FILE = WeatherApp/Info.plist;
				INFOPLIST_KEY_NSLocationWhenInUseUsageDescription = "Ứng dụng cần truy cập vị trí của bạn để theo dõi thời tiết";
				INFOPLIST_KEY_UIApplicationSupportsIndirectInputEvents = YES;
				INFOPLIST_KEY_UILaunchStoryboardName = LaunchScreen;
				INFOPLIST_KEY_UIMainStoryboardFile = Main;
				INFOPLIST_KEY_UISupportedInterfaceOrientations_iPad = "UIInterfaceOrientationPortrait UIInterfaceOrientationPortraitUpsideDown UIInterfaceOrientationLandscapeLeft UIInterfaceOrientationLandscapeRight";
				INFOPLIST_KEY_UISupportedInterfaceOrientations_iPhone = "UIInterfaceOrientationPortrait UIInterfaceOrientationLandscapeLeft UIInterfaceOrientationLandscapeRight";
				LD_RUNPATH_SEARCH_PATHS = (
					"$(inherited)",
					"@executable_path/Frameworks",
				);
				MARKETING_VERSION = 1.0;
				PRODUCT_BUNDLE_IDENTIFIER = tuna.WeatherApp;
				PRODUCT_NAME = "$(TARGET_NAME)";
				SWIFT_EMIT_LOC_STRINGS = YES;
				SWIFT_VERSION = 5.0;
				TARGETED_DEVICE_FAMILY = "1,2";
			};
			name = Debug;
		};
		A59ACD9528573C4C00391669 /* Release */ = {
			isa = XCBuildConfiguration;
			buildSettings = {
				ASSETCATALOG_COMPILER_APPICON_NAME = AppIcon;
				ASSETCATALOG_COMPILER_GLOBAL_ACCENT_COLOR_NAME = AccentColor;
				CODE_SIGN_STYLE = Automatic;
				CURRENT_PROJECT_VERSION = 1;
				DEVELOPMENT_TEAM = V36979MSZD;
				GENERATE_INFOPLIST_FILE = YES;
				INFOPLIST_FILE = WeatherApp/Info.plist;
				INFOPLIST_KEY_NSLocationWhenInUseUsageDescription = "Ứng dụng cần truy cập vị trí của bạn để theo dõi thời tiết";
				INFOPLIST_KEY_UIApplicationSupportsIndirectInputEvents = YES;
				INFOPLIST_KEY_UILaunchStoryboardName = LaunchScreen;
				INFOPLIST_KEY_UIMainStoryboardFile = Main;
				INFOPLIST_KEY_UISupportedInterfaceOrientations_iPad = "UIInterfaceOrientationPortrait UIInterfaceOrientationPortraitUpsideDown UIInterfaceOrientationLandscapeLeft UIInterfaceOrientationLandscapeRight";
				INFOPLIST_KEY_UISupportedInterfaceOrientations_iPhone = "UIInterfaceOrientationPortrait UIInterfaceOrientationLandscapeLeft UIInterfaceOrientationLandscapeRight";
				LD_RUNPATH_SEARCH_PATHS = (
					"$(inherited)",
					"@executable_path/Frameworks",
				);
				MARKETING_VERSION = 1.0;
				PRODUCT_BUNDLE_IDENTIFIER = tuna.WeatherApp;
				PRODUCT_NAME = "$(TARGET_NAME)";
				SWIFT_EMIT_LOC_STRINGS = YES;
				SWIFT_VERSION = 5.0;
				TARGETED_DEVICE_FAMILY = "1,2";
			};
			name = Release;
		};
/* End XCBuildConfiguration section */

/* Begin XCConfigurationList section */
		A59ACD7728573C4A00391669 /* Build configuration list for PBXProject "WeatherApp" */ = {
			isa = XCConfigurationList;
			buildConfigurations = (
				A59ACD9128573C4C00391669 /* Debug */,
				A59ACD9228573C4C00391669 /* Release */,
			);
			defaultConfigurationIsVisible = 0;
			defaultConfigurationName = Release;
		};
		A59ACD9328573C4C00391669 /* Build configuration list for PBXNativeTarget "WeatherApp" */ = {
			isa = XCConfigurationList;
			buildConfigurations = (
				A59ACD9428573C4C00391669 /* Debug */,
				A59ACD9528573C4C00391669 /* Release */,
			);
			defaultConfigurationIsVisible = 0;
			defaultConfigurationName = Release;
		};
/* End XCConfigurationList section */

/* Begin XCVersionGroup section */
		A59ACD8828573C4A00391669 /* WeatherApp.xcdatamodeld */ = {
			isa = XCVersionGroup;
			children = (
				A59ACD8928573C4A00391669 /* WeatherApp.xcdatamodel */,
			);
			currentVersion = A59ACD8928573C4A00391669 /* WeatherApp.xcdatamodel */;
			path = WeatherApp.xcdatamodeld;
			sourceTree = "<group>";
			versionGroupType = wrapper.xcdatamodel;
		};
/* End XCVersionGroup section */
	};
	rootObject = A59ACD7428573C4A00391669 /* Project object */;
}
